
Microsoft Visual Studio Solution File, Format Version 12.00
# Visual Studio Version 16
VisualStudioVersion = 16.0.30413.136
MinimumVisualStudioVersion = 10.0.40219.1
Project("{9A19103F-16F7-4668-BE54-9A1E7A4F7556}") = "PGf", "PGf\PGf.csproj", "{77B2F402-77F7-4426-B236-D687AFF83E19}"
EndProject
Global
	GlobalSection(SolutionConfigurationPlatforms) = preSolution
		Debug|Any CPU = Debug|Any CPU
		Release|Any CPU = Release|Any CPU
	EndGlobalSection
	GlobalSection(ProjectConfigurationPlatforms) = postSolution
		{77B2F402-77F7-4426-B236-D687AFF83E19}.Debug|Any CPU.ActiveCfg = Debug|Any CPU
		{77B2F402-77F7-4426-B236-D687AFF83E19}.Debug|Any CPU.Build.0 = Debug|Any CPU
		{77B2F402-77F7-4426-B236-D687AFF83E19}.Release|Any CPU.ActiveCfg = Release|Any CPU
		{77B2F402-77F7-4426-B236-D687AFF83E19}.Release|Any CPU.Build.0 = Release|Any CPU
	EndGlobalSection
	GlobalSection(SolutionProperties) = preSolution
		HideSolutionNode = FALSE
	EndGlobalSection
	GlobalSection(ExtensibilityGlobals) = postSolution
		SolutionGuid = {4CF126D3-0253-4CEB-99EB-7903F666A189}
	EndGlobalSection
EndGlobal
